
Microsoft Visual Studio Solution File, Format Version 12.00
# Visual Studio Version 17
VisualStudioVersion = 17.7.34024.191
MinimumVisualStudioVersion = 10.0.40219.1
Project("{9A19103F-16F7-4668-BE54-9A1E7A4F7556}") = "Kodlama.io.Devs.Domain", "Kodlama.io.Devs.Domain\Kodlama.io.Devs.Domain.csproj", "{F5B00875-A157-4AB9-857C-839D34EC5F70}"
EndProject
Project("{9A19103F-16F7-4668-BE54-9A1E7A4F7556}") = "Kodlama.io.Devs.Persistance", "Kodlama.io.Devs.Persistance\Kodlama.io.Devs.Persistance.csproj", "{DE34313D-7E9B-4875-99F1-F0BFBDE05E2F}"
EndProject
Project("{9A19103F-16F7-4668-BE54-9A1E7A4F7556}") = "Kodlama.io.Devs.Infrastructure", "Kodlama.io.Devs.Infrastructure\Kodlama.io.Devs.Infrastructure.csproj", "{4DC9D06E-55CB-468F-A0E3-D06C94CCC5BF}"
EndProject
Project("{9A19103F-16F7-4668-BE54-9A1E7A4F7556}") = "Kodlama.io.Devs.Application", "Kodlama.io.Devs.Application\Kodlama.io.Devs.Application.csproj", "{068E2CB3-7BC2-4415-848F-C3927EB608AF}"
EndProject
Project("{9A19103F-16F7-4668-BE54-9A1E7A4F7556}") = "Kodlama.io.Devs.API", "Kodlama.io.Devs.API\Kodlama.io.Devs.API.csproj", "{AAB01C2D-7F6B-4E3D-938B-5C174527D78F}"
EndProject
Project("{2150E333-8FDC-42A3-9474-1A3956D46DE8}") = "corePackages", "corePackages", "{947543C7-AC2E-4ABE-805A-64E0CC6564AB}"
EndProject
Project("{2150E333-8FDC-42A3-9474-1A3956D46DE8}") = "Core.Application", "Core.Application", "{019EC82C-0755-47ED-A57F-9F59059CA778}"
EndProject
Project("{2150E333-8FDC-42A3-9474-1A3956D46DE8}") = "Core.CrossCuttingConcers", "Core.CrossCuttingConcers", "{C838C9C0-8B72-4D46-A3A7-76084D318C24}"
EndProject
Project("{2150E333-8FDC-42A3-9474-1A3956D46DE8}") = "Core.ElasticSearch", "Core.ElasticSearch", "{ADC46FF2-C75B-44B6-97CD-1C4347B08764}"
EndProject
Project("{2150E333-8FDC-42A3-9474-1A3956D46DE8}") = "Core.Mailing", "Core.Mailing", "{89D4097B-EFD9-466F-9D59-181B7FAFA4C4}"
EndProject
Project("{2150E333-8FDC-42A3-9474-1A3956D46DE8}") = "Core.Persistence", "Core.Persistence", "{6953C42A-1C3C-4478-AB25-C4E218CEFBCE}"
EndProject
Project("{2150E333-8FDC-42A3-9474-1A3956D46DE8}") = "Core.Security", "Core.Security", "{534AEFF7-1CA8-42CA-9661-2820296C7618}"
EndProject
Project("{9A19103F-16F7-4668-BE54-9A1E7A4F7556}") = "Core.Application", "C:\Users\RamazanOsman\Downloads\nArchitecture-master\nArchitecture-master\src\corePackages\Core.Application\Core.Application.csproj", "{DF0FC1B0-230E-40C3-A626-F5167B59735E}"
EndProject
Project("{9A19103F-16F7-4668-BE54-9A1E7A4F7556}") = "Core.CrossCuttingConcerns", "C:\Users\RamazanOsman\Downloads\nArchitecture-master\nArchitecture-master\src\corePackages\Core.CrossCuttingConcers\Core.CrossCuttingConcerns.csproj", "{85D0A9BC-3576-4B24-955D-F59879936C87}"
EndProject
Project("{9A19103F-16F7-4668-BE54-9A1E7A4F7556}") = "Core.ElasticSearch", "C:\Users\RamazanOsman\Downloads\nArchitecture-master\nArchitecture-master\src\corePackages\Core.ElasticSearch\Core.ElasticSearch.csproj", "{E8687C94-8DD6-4A63-8B97-D5F1B0A04CA4}"
EndProject
Project("{9A19103F-16F7-4668-BE54-9A1E7A4F7556}") = "Core.Mailing", "C:\Users\RamazanOsman\Downloads\nArchitecture-master\nArchitecture-master\src\corePackages\Core.Mailing\Core.Mailing.csproj", "{49A9E610-4F65-48EC-9030-AB19E55A8DE5}"
EndProject
Project("{9A19103F-16F7-4668-BE54-9A1E7A4F7556}") = "Core.Persistence", "C:\Users\RamazanOsman\Downloads\nArchitecture-master\nArchitecture-master\src\corePackages\Core.Persistence\Core.Persistence.csproj", "{8393E425-F22A-477C-A4C1-8EB1DC686C23}"
EndProject
Project("{9A19103F-16F7-4668-BE54-9A1E7A4F7556}") = "Core.Security", "C:\Users\RamazanOsman\Downloads\nArchitecture-master\nArchitecture-master\src\corePackages\Core.Security\Core.Security.csproj", "{145C29C7-50E5-4946-90E7-15E565986949}"
EndProject
Project("{2150E333-8FDC-42A3-9474-1A3956D46DE8}") = "src", "src", "{22AF2F7B-D4A4-44D7-8271-572D7435589C}"
EndProject
Global
	GlobalSection(SolutionConfigurationPlatforms) = preSolution
		Debug|Any CPU = Debug|Any CPU
		Release|Any CPU = Release|Any CPU
	EndGlobalSection
	GlobalSection(ProjectConfigurationPlatforms) = postSolution
		{F5B00875-A157-4AB9-857C-839D34EC5F70}.Debug|Any CPU.ActiveCfg = Debug|Any CPU
		{F5B00875-A157-4AB9-857C-839D34EC5F70}.Debug|Any CPU.Build.0 = Debug|Any CPU
		{F5B00875-A157-4AB9-857C-839D34EC5F70}.Release|Any CPU.ActiveCfg = Release|Any CPU
		{F5B00875-A157-4AB9-857C-839D34EC5F70}.Release|Any CPU.Build.0 = Release|Any CPU
		{DE34313D-7E9B-4875-99F1-F0BFBDE05E2F}.Debug|Any CPU.ActiveCfg = Debug|Any CPU
		{DE34313D-7E9B-4875-99F1-F0BFBDE05E2F}.Debug|Any CPU.Build.0 = Debug|Any CPU
		{DE34313D-7E9B-4875-99F1-F0BFBDE05E2F}.Release|Any CPU.ActiveCfg = Release|Any CPU
		{DE34313D-7E9B-4875-99F1-F0BFBDE05E2F}.Release|Any CPU.Build.0 = Release|Any CPU
		{4DC9D06E-55CB-468F-A0E3-D06C94CCC5BF}.Debug|Any CPU.ActiveCfg = Debug|Any CPU
		{4DC9D06E-55CB-468F-A0E3-D06C94CCC5BF}.Debug|Any CPU.Build.0 = Debug|Any CPU
		{4DC9D06E-55CB-468F-A0E3-D06C94CCC5BF}.Release|Any CPU.ActiveCfg = Release|Any CPU
		{4DC9D06E-55CB-468F-A0E3-D06C94CCC5BF}.Release|Any CPU.Build.0 = Release|Any CPU
		{068E2CB3-7BC2-4415-848F-C3927EB608AF}.Debug|Any CPU.ActiveCfg = Debug|Any CPU
		{068E2CB3-7BC2-4415-848F-C3927EB608AF}.Debug|Any CPU.Build.0 = Debug|Any CPU
		{068E2CB3-7BC2-4415-848F-C3927EB608AF}.Release|Any CPU.ActiveCfg = Release|Any CPU
		{068E2CB3-7BC2-4415-848F-C3927EB608AF}.Release|Any CPU.Build.0 = Release|Any CPU
		{AAB01C2D-7F6B-4E3D-938B-5C174527D78F}.Debug|Any CPU.ActiveCfg = Debug|Any CPU
		{AAB01C2D-7F6B-4E3D-938B-5C174527D78F}.Debug|Any CPU.Build.0 = Debug|Any CPU
		{AAB01C2D-7F6B-4E3D-938B-5C174527D78F}.Release|Any CPU.ActiveCfg = Release|Any CPU
		{AAB01C2D-7F6B-4E3D-938B-5C174527D78F}.Release|Any CPU.Build.0 = Release|Any CPU
		{DF0FC1B0-230E-40C3-A626-F5167B59735E}.Debug|Any CPU.ActiveCfg = Debug|Any CPU
		{DF0FC1B0-230E-40C3-A626-F5167B59735E}.Debug|Any CPU.Build.0 = Debug|Any CPU
		{DF0FC1B0-230E-40C3-A626-F5167B59735E}.Release|Any CPU.ActiveCfg = Release|Any CPU
		{DF0FC1B0-230E-40C3-A626-F5167B59735E}.Release|Any CPU.Build.0 = Release|Any CPU
		{85D0A9BC-3576-4B24-955D-F59879936C87}.Debug|Any CPU.ActiveCfg = Debug|Any CPU
		{85D0A9BC-3576-4B24-955D-F59879936C87}.Debug|Any CPU.Build.0 = Debug|Any CPU
		{85D0A9BC-3576-4B24-955D-F59879936C87}.Release|Any CPU.ActiveCfg = Release|Any CPU
		{85D0A9BC-3576-4B24-955D-F59879936C87}.Release|Any CPU.Build.0 = Release|Any CPU
		{E8687C94-8DD6-4A63-8B97-D5F1B0A04CA4}.Debug|Any CPU.ActiveCfg = Debug|Any CPU
		{E8687C94-8DD6-4A63-8B97-D5F1B0A04CA4}.Debug|Any CPU.Build.0 = Debug|Any CPU
		{E8687C94-8DD6-4A63-8B97-D5F1B0A04CA4}.Release|Any CPU.ActiveCfg = Release|Any CPU
		{E8687C94-8DD6-4A63-8B97-D5F1B0A04CA4}.Release|Any CPU.Build.0 = Release|Any CPU
		{49A9E610-4F65-48EC-9030-AB19E55A8DE5}.Debug|Any CPU.ActiveCfg = Debug|Any CPU
		{49A9E610-4F65-48EC-9030-AB19E55A8DE5}.Debug|Any CPU.Build.0 = Debug|Any CPU
		{49A9E610-4F65-48EC-9030-AB19E55A8DE5}.Release|Any CPU.ActiveCfg = Release|Any CPU
		{49A9E610-4F65-48EC-9030-AB19E55A8DE5}.Release|Any CPU.Build.0 = Release|Any CPU
		{8393E425-F22A-477C-A4C1-8EB1DC686C23}.Debug|Any CPU.ActiveCfg = Debug|Any CPU
		{8393E425-F22A-477C-A4C1-8EB1DC686C23}.Debug|Any CPU.Build.0 = Debug|Any CPU
		{8393E425-F22A-477C-A4C1-8EB1DC686C23}.Release|Any CPU.ActiveCfg = Release|Any CPU
		{8393E425-F22A-477C-A4C1-8EB1DC686C23}.Release|Any CPU.Build.0 = Release|Any CPU
		{145C29C7-50E5-4946-90E7-15E565986949}.Debug|Any CPU.ActiveCfg = Debug|Any CPU
		{145C29C7-50E5-4946-90E7-15E565986949}.Debug|Any CPU.Build.0 = Debug|Any CPU
		{145C29C7-50E5-4946-90E7-15E565986949}.Release|Any CPU.ActiveCfg = Release|Any CPU
		{145C29C7-50E5-4946-90E7-15E565986949}.Release|Any CPU.Build.0 = Release|Any CPU
	EndGlobalSection
	GlobalSection(SolutionProperties) = preSolution
		HideSolutionNode = FALSE
	EndGlobalSection
	GlobalSection(NestedProjects) = preSolution
		{019EC82C-0755-47ED-A57F-9F59059CA778} = {947543C7-AC2E-4ABE-805A-64E0CC6564AB}
		{C838C9C0-8B72-4D46-A3A7-76084D318C24} = {947543C7-AC2E-4ABE-805A-64E0CC6564AB}
		{ADC46FF2-C75B-44B6-97CD-1C4347B08764} = {947543C7-AC2E-4ABE-805A-64E0CC6564AB}
		{89D4097B-EFD9-466F-9D59-181B7FAFA4C4} = {947543C7-AC2E-4ABE-805A-64E0CC6564AB}
		{6953C42A-1C3C-4478-AB25-C4E218CEFBCE} = {947543C7-AC2E-4ABE-805A-64E0CC6564AB}
		{534AEFF7-1CA8-42CA-9661-2820296C7618} = {947543C7-AC2E-4ABE-805A-64E0CC6564AB}
		{DF0FC1B0-230E-40C3-A626-F5167B59735E} = {019EC82C-0755-47ED-A57F-9F59059CA778}
		{85D0A9BC-3576-4B24-955D-F59879936C87} = {C838C9C0-8B72-4D46-A3A7-76084D318C24}
		{E8687C94-8DD6-4A63-8B97-D5F1B0A04CA4} = {ADC46FF2-C75B-44B6-97CD-1C4347B08764}
		{49A9E610-4F65-48EC-9030-AB19E55A8DE5} = {89D4097B-EFD9-466F-9D59-181B7FAFA4C4}
		{8393E425-F22A-477C-A4C1-8EB1DC686C23} = {6953C42A-1C3C-4478-AB25-C4E218CEFBCE}
		{145C29C7-50E5-4946-90E7-15E565986949} = {534AEFF7-1CA8-42CA-9661-2820296C7618}
	EndGlobalSection
	GlobalSection(ExtensibilityGlobals) = postSolution
		SolutionGuid = {AB4C7BBA-963A-4E16-8A52-9DA41B529D89}
	EndGlobalSection
EndGlobal
