
Microsoft Visual Studio Solution File, Format Version 12.00
# Visual Studio Version 17
VisualStudioVersion = 17.7.34024.191
MinimumVisualStudioVersion = 10.0.40219.1
Project("{9A19103F-16F7-4668-BE54-9A1E7A4F7556}") = "Kodlama.io.Devs.Domain", "Kodlama.io.Devs.Domain\Kodlama.io.Devs.Domain.csproj", "{F5B00875-A157-4AB9-857C-839D34EC5F70}"
EndProject
Project("{9A19103F-16F7-4668-BE54-9A1E7A4F7556}") = "Kodlama.io.Devs.Persistance", "Kodlama.io.Devs.Persistance\Kodlama.io.Devs.Persistance.csproj", "{DE34313D-7E9B-4875-99F1-F0BFBDE05E2F}"
EndProject
Project("{9A19103F-16F7-4668-BE54-9A1E7A4F7556}") = "Kodlama.io.Devs.Infrastructure", "Kodlama.io.Devs.Infrastructure\Kodlama.io.Devs.Infrastructure.csproj", "{4DC9D06E-55CB-468F-A0E3-D06C94CCC5BF}"
EndProject
Project("{9A19103F-16F7-4668-BE54-9A1E7A4F7556}") = "Kodlama.io.Devs.Application", "Kodlama.io.Devs.Application\Kodlama.io.Devs.Application.csproj", "{068E2CB3-7BC2-4415-848F-C3927EB608AF}"
EndProject
Project("{9A19103F-16F7-4668-BE54-9A1E7A4F7556}") = "Kodlama.io.Devs.API", "Kodlama.io.Devs.API\Kodlama.io.Devs.API.csproj", "{AAB01C2D-7F6B-4E3D-938B-5C174527D78F}"
EndProject
Project("{2150E333-8FDC-42A3-9474-1A3956D46DE8}") = "corePackages", "corePackages", "{7F4ED63D-C7D8-4883-8341-DB8F69F96F1C}"
EndProject
Project("{2150E333-8FDC-42A3-9474-1A3956D46DE8}") = "Core.Application", "Core.Application", "{4C0C4E23-0BAB-45EE-A8EE-54858E24E732}"
EndProject
Project("{9A19103F-16F7-4668-BE54-9A1E7A4F7556}") = "Core.Application", "C:\Users\RamazanOsman\source\repos\nArchitecture\src\corePackages\Core.Application\Core.Application.csproj", "{77C2BEAA-7735-4747-8997-2EEE55E1D9DA}"
EndProject
Project("{2150E333-8FDC-42A3-9474-1A3956D46DE8}") = "Core.CrossCuttingConcers", "Core.CrossCuttingConcers", "{AE244A25-FA34-4D83-8FB2-58630F4FB406}"
EndProject
Project("{2150E333-8FDC-42A3-9474-1A3956D46DE8}") = "Core.ElasticSearch", "Core.ElasticSearch", "{C184BBE0-67A5-48C2-9654-68BF72095A89}"
EndProject
Project("{2150E333-8FDC-42A3-9474-1A3956D46DE8}") = "Core.Mailing", "Core.Mailing", "{29D4540B-A1E4-48BA-A285-E6917BE3C222}"
EndProject
Project("{2150E333-8FDC-42A3-9474-1A3956D46DE8}") = "Core.Persistence", "Core.Persistence", "{F4FF518A-803F-4BA8-8D0E-C585F576B118}"
EndProject
Project("{2150E333-8FDC-42A3-9474-1A3956D46DE8}") = "Core.Security", "Core.Security", "{56DDD176-D3E9-4F0C-B338-CE4FE180C0FD}"
EndProject
Project("{9A19103F-16F7-4668-BE54-9A1E7A4F7556}") = "Core.CrossCuttingConcerns", "C:\Users\RamazanOsman\source\repos\nArchitecture\src\corePackages\Core.CrossCuttingConcers\Core.CrossCuttingConcerns.csproj", "{EC0F50B4-9737-44FF-923B-D5D0705ED916}"
EndProject
Project("{9A19103F-16F7-4668-BE54-9A1E7A4F7556}") = "Core.ElasticSearch", "C:\Users\RamazanOsman\source\repos\nArchitecture\src\corePackages\Core.ElasticSearch\Core.ElasticSearch.csproj", "{67536EEF-22BC-4D5E-B1BF-2FBEA6D8E487}"
EndProject
Project("{9A19103F-16F7-4668-BE54-9A1E7A4F7556}") = "Core.Mailing", "C:\Users\RamazanOsman\source\repos\nArchitecture\src\corePackages\Core.Mailing\Core.Mailing.csproj", "{4321C092-8A63-4E7B-9871-9A2B2D525556}"
EndProject
Project("{9A19103F-16F7-4668-BE54-9A1E7A4F7556}") = "Core.Persistence", "C:\Users\RamazanOsman\source\repos\nArchitecture\src\corePackages\Core.Persistence\Core.Persistence.csproj", "{2851B085-FEA9-4EF2-805D-3D25F9F60FAD}"
EndProject
Project("{9A19103F-16F7-4668-BE54-9A1E7A4F7556}") = "Core.Security", "C:\Users\RamazanOsman\source\repos\nArchitecture\src\corePackages\Core.Security\Core.Security.csproj", "{6C7CD260-2EFC-4D59-A1D6-401BD8136BC4}"
EndProject
Global
	GlobalSection(SolutionConfigurationPlatforms) = preSolution
		Debug|Any CPU = Debug|Any CPU
		Release|Any CPU = Release|Any CPU
	EndGlobalSection
	GlobalSection(ProjectConfigurationPlatforms) = postSolution
		{F5B00875-A157-4AB9-857C-839D34EC5F70}.Debug|Any CPU.ActiveCfg = Debug|Any CPU
		{F5B00875-A157-4AB9-857C-839D34EC5F70}.Debug|Any CPU.Build.0 = Debug|Any CPU
		{F5B00875-A157-4AB9-857C-839D34EC5F70}.Release|Any CPU.ActiveCfg = Release|Any CPU
		{F5B00875-A157-4AB9-857C-839D34EC5F70}.Release|Any CPU.Build.0 = Release|Any CPU
		{DE34313D-7E9B-4875-99F1-F0BFBDE05E2F}.Debug|Any CPU.ActiveCfg = Debug|Any CPU
		{DE34313D-7E9B-4875-99F1-F0BFBDE05E2F}.Debug|Any CPU.Build.0 = Debug|Any CPU
		{DE34313D-7E9B-4875-99F1-F0BFBDE05E2F}.Release|Any CPU.ActiveCfg = Release|Any CPU
		{DE34313D-7E9B-4875-99F1-F0BFBDE05E2F}.Release|Any CPU.Build.0 = Release|Any CPU
		{4DC9D06E-55CB-468F-A0E3-D06C94CCC5BF}.Debug|Any CPU.ActiveCfg = Debug|Any CPU
		{4DC9D06E-55CB-468F-A0E3-D06C94CCC5BF}.Debug|Any CPU.Build.0 = Debug|Any CPU
		{4DC9D06E-55CB-468F-A0E3-D06C94CCC5BF}.Release|Any CPU.ActiveCfg = Release|Any CPU
		{4DC9D06E-55CB-468F-A0E3-D06C94CCC5BF}.Release|Any CPU.Build.0 = Release|Any CPU
		{068E2CB3-7BC2-4415-848F-C3927EB608AF}.Debug|Any CPU.ActiveCfg = Debug|Any CPU
		{068E2CB3-7BC2-4415-848F-C3927EB608AF}.Debug|Any CPU.Build.0 = Debug|Any CPU
		{068E2CB3-7BC2-4415-848F-C3927EB608AF}.Release|Any CPU.ActiveCfg = Release|Any CPU
		{068E2CB3-7BC2-4415-848F-C3927EB608AF}.Release|Any CPU.Build.0 = Release|Any CPU
		{AAB01C2D-7F6B-4E3D-938B-5C174527D78F}.Debug|Any CPU.ActiveCfg = Debug|Any CPU
		{AAB01C2D-7F6B-4E3D-938B-5C174527D78F}.Debug|Any CPU.Build.0 = Debug|Any CPU
		{AAB01C2D-7F6B-4E3D-938B-5C174527D78F}.Release|Any CPU.ActiveCfg = Release|Any CPU
		{AAB01C2D-7F6B-4E3D-938B-5C174527D78F}.Release|Any CPU.Build.0 = Release|Any CPU
		{77C2BEAA-7735-4747-8997-2EEE55E1D9DA}.Debug|Any CPU.ActiveCfg = Debug|Any CPU
		{77C2BEAA-7735-4747-8997-2EEE55E1D9DA}.Debug|Any CPU.Build.0 = Debug|Any CPU
		{77C2BEAA-7735-4747-8997-2EEE55E1D9DA}.Release|Any CPU.ActiveCfg = Release|Any CPU
		{77C2BEAA-7735-4747-8997-2EEE55E1D9DA}.Release|Any CPU.Build.0 = Release|Any CPU
		{EC0F50B4-9737-44FF-923B-D5D0705ED916}.Debug|Any CPU.ActiveCfg = Debug|Any CPU
		{EC0F50B4-9737-44FF-923B-D5D0705ED916}.Debug|Any CPU.Build.0 = Debug|Any CPU
		{EC0F50B4-9737-44FF-923B-D5D0705ED916}.Release|Any CPU.ActiveCfg = Release|Any CPU
		{EC0F50B4-9737-44FF-923B-D5D0705ED916}.Release|Any CPU.Build.0 = Release|Any CPU
		{67536EEF-22BC-4D5E-B1BF-2FBEA6D8E487}.Debug|Any CPU.ActiveCfg = Debug|Any CPU
		{67536EEF-22BC-4D5E-B1BF-2FBEA6D8E487}.Debug|Any CPU.Build.0 = Debug|Any CPU
		{67536EEF-22BC-4D5E-B1BF-2FBEA6D8E487}.Release|Any CPU.ActiveCfg = Release|Any CPU
		{67536EEF-22BC-4D5E-B1BF-2FBEA6D8E487}.Release|Any CPU.Build.0 = Release|Any CPU
		{4321C092-8A63-4E7B-9871-9A2B2D525556}.Debug|Any CPU.ActiveCfg = Debug|Any CPU
		{4321C092-8A63-4E7B-9871-9A2B2D525556}.Debug|Any CPU.Build.0 = Debug|Any CPU
		{4321C092-8A63-4E7B-9871-9A2B2D525556}.Release|Any CPU.ActiveCfg = Release|Any CPU
		{4321C092-8A63-4E7B-9871-9A2B2D525556}.Release|Any CPU.Build.0 = Release|Any CPU
		{2851B085-FEA9-4EF2-805D-3D25F9F60FAD}.Debug|Any CPU.ActiveCfg = Debug|Any CPU
		{2851B085-FEA9-4EF2-805D-3D25F9F60FAD}.Debug|Any CPU.Build.0 = Debug|Any CPU
		{2851B085-FEA9-4EF2-805D-3D25F9F60FAD}.Release|Any CPU.ActiveCfg = Release|Any CPU
		{2851B085-FEA9-4EF2-805D-3D25F9F60FAD}.Release|Any CPU.Build.0 = Release|Any CPU
		{6C7CD260-2EFC-4D59-A1D6-401BD8136BC4}.Debug|Any CPU.ActiveCfg = Debug|Any CPU
		{6C7CD260-2EFC-4D59-A1D6-401BD8136BC4}.Debug|Any CPU.Build.0 = Debug|Any CPU
		{6C7CD260-2EFC-4D59-A1D6-401BD8136BC4}.Release|Any CPU.ActiveCfg = Release|Any CPU
		{6C7CD260-2EFC-4D59-A1D6-401BD8136BC4}.Release|Any CPU.Build.0 = Release|Any CPU
	EndGlobalSection
	GlobalSection(SolutionProperties) = preSolution
		HideSolutionNode = FALSE
	EndGlobalSection
	GlobalSection(NestedProjects) = preSolution
		{4C0C4E23-0BAB-45EE-A8EE-54858E24E732} = {7F4ED63D-C7D8-4883-8341-DB8F69F96F1C}
		{77C2BEAA-7735-4747-8997-2EEE55E1D9DA} = {4C0C4E23-0BAB-45EE-A8EE-54858E24E732}
		{AE244A25-FA34-4D83-8FB2-58630F4FB406} = {7F4ED63D-C7D8-4883-8341-DB8F69F96F1C}
		{C184BBE0-67A5-48C2-9654-68BF72095A89} = {7F4ED63D-C7D8-4883-8341-DB8F69F96F1C}
		{29D4540B-A1E4-48BA-A285-E6917BE3C222} = {7F4ED63D-C7D8-4883-8341-DB8F69F96F1C}
		{F4FF518A-803F-4BA8-8D0E-C585F576B118} = {7F4ED63D-C7D8-4883-8341-DB8F69F96F1C}
		{56DDD176-D3E9-4F0C-B338-CE4FE180C0FD} = {7F4ED63D-C7D8-4883-8341-DB8F69F96F1C}
		{EC0F50B4-9737-44FF-923B-D5D0705ED916} = {AE244A25-FA34-4D83-8FB2-58630F4FB406}
		{67536EEF-22BC-4D5E-B1BF-2FBEA6D8E487} = {C184BBE0-67A5-48C2-9654-68BF72095A89}
		{4321C092-8A63-4E7B-9871-9A2B2D525556} = {29D4540B-A1E4-48BA-A285-E6917BE3C222}
		{2851B085-FEA9-4EF2-805D-3D25F9F60FAD} = {F4FF518A-803F-4BA8-8D0E-C585F576B118}
		{6C7CD260-2EFC-4D59-A1D6-401BD8136BC4} = {56DDD176-D3E9-4F0C-B338-CE4FE180C0FD}
	EndGlobalSection
	GlobalSection(ExtensibilityGlobals) = postSolution
		SolutionGuid = {AB4C7BBA-963A-4E16-8A52-9DA41B529D89}
	EndGlobalSection
EndGlobal
